
Microsoft Visual Studio Solution File, Format Version 12.00
# Visual Studio 2017
Project("{FAE04EC0-301F-11D3-BF4B-00C04F79EFBC}") = "hospitalProject - Copy (2) - Copy - Copy - Copy", "hospitalProject - Copy (2) - Copy - Copy - Copy.csproj", "{E72E1C63-141B-9C23-372E-220F790FFF34}"
EndProject
Project("{FAE04EC0-301F-11D3-BF4B-00C04F79EFBC}") = "hospitalProject - Copy (2) - Copy - Copy - Copy.Editor", "hospitalProject - Copy (2) - Copy - Copy - Copy.Editor.csproj", "{6E9533D7-F991-38A3-32B6-5F4566A6A460}"
EndProject
Global
	GlobalSection(SolutionConfigurationPlatforms) = preSolution
		Debug|Any CPU = Debug|Any CPU
		Release|Any CPU = Release|Any CPU
	EndGlobalSection
	GlobalSection(ProjectConfigurationPlatforms) = postSolution
		{E72E1C63-141B-9C23-372E-220F790FFF34}.Debug|Any CPU.ActiveCfg = Debug|Any CPU
		{E72E1C63-141B-9C23-372E-220F790FFF34}.Debug|Any CPU.Build.0 = Debug|Any CPU
		{E72E1C63-141B-9C23-372E-220F790FFF34}.Release|Any CPU.ActiveCfg = Release|Any CPU
		{E72E1C63-141B-9C23-372E-220F790FFF34}.Release|Any CPU.Build.0 = Release|Any CPU
		{6E9533D7-F991-38A3-32B6-5F4566A6A460}.Debug|Any CPU.ActiveCfg = Debug|Any CPU
		{6E9533D7-F991-38A3-32B6-5F4566A6A460}.Debug|Any CPU.Build.0 = Debug|Any CPU
		{6E9533D7-F991-38A3-32B6-5F4566A6A460}.Release|Any CPU.ActiveCfg = Release|Any CPU
		{6E9533D7-F991-38A3-32B6-5F4566A6A460}.Release|Any CPU.Build.0 = Release|Any CPU
	EndGlobalSection
	GlobalSection(SolutionProperties) = preSolution
		HideSolutionNode = FALSE
	EndGlobalSection
EndGlobal
